{
  "originHash" : "f70a4d95d326003a74594fda4e0b619fd82869c326c161f68c8b9d1c9f5145e7",
  "pins" : [
    {
      "identity" : "presentationzen",
      "kind" : "remoteSourceControl",
      "location" : "https://github.com/dyerlab/PresentationZen",
      "state" : {
        "revision" : "780a288dd5d1ed153b5dbb360c325f98d08dc18a",
        "version" : "1.0.11"
      }
    }
  ],
  "version" : 3
}
